
Microsoft Visual Studio Solution File, Format Version 12.00
# Visual Studio 2013
VisualStudioVersion = 12.0.31101.0
MinimumVisualStudioVersion = 10.0.40219.1
Project("{FAE04EC0-301F-11D3-BF4B-00C04F79EFBC}") = "01.DeclareVariables", "1.DeclareVariables\01.DeclareVariables.csproj", "{00F9C3FA-D903-4EF4-BE88-C5DDFAC460C3}"
EndProject
Project("{FAE04EC0-301F-11D3-BF4B-00C04F79EFBC}") = "02.FloatOrDouble", "2.FloatOrDouble\02.FloatOrDouble.csproj", "{44E3D409-3779-4EEF-A0EA-D77B0C2B2252}"
EndProject
Project("{FAE04EC0-301F-11D3-BF4B-00C04F79EFBC}") = "03.HexadecimalFormat", "3.HexadecimalFormat\03.HexadecimalFormat.csproj", "{F48D470C-2746-4966-BC0D-4CD4C3D017BB}"
EndProject
Project("{FAE04EC0-301F-11D3-BF4B-00C04F79EFBC}") = "04.UnicodeCharacter", "4.UnicodeCharacter\04.UnicodeCharacter.csproj", "{C80EB79C-C1B9-4F51-A1C3-B1F6D2A080F5}"
EndProject
Project("{FAE04EC0-301F-11D3-BF4B-00C04F79EFBC}") = "05. BooleanGender", "5. BooleanGender\05. BooleanGender.csproj", "{10BAD5A5-76B9-44CB-A57B-1F1F143B238D}"
EndProject
Project("{FAE04EC0-301F-11D3-BF4B-00C04F79EFBC}") = "07.QuotesinStrings", "7.QuotesinStrings\07.QuotesinStrings.csproj", "{0B5C0F7F-D3DB-4A54-9E31-A62F3688DAB4}"
EndProject
Project("{FAE04EC0-301F-11D3-BF4B-00C04F79EFBC}") = "06.StringsandObjects", "6.StringsandObjects\06.StringsandObjects.csproj", "{547E62D9-7A45-4DF1-89C9-B588586CA8D1}"
EndProject
Project("{FAE04EC0-301F-11D3-BF4B-00C04F79EFBC}") = "08.IsoscelesTriangle", "8.IsoscelesTriangle\08.IsoscelesTriangle.csproj", "{49CF7A70-32FE-4D7F-B37D-62E0A59B40FB}"
EndProject
Project("{FAE04EC0-301F-11D3-BF4B-00C04F79EFBC}") = "09.ExchangeVariableValues", "9.ExchangeVariableValues\09.ExchangeVariableValues.csproj", "{F8430CF5-AEF4-4C47-9F18-F2293D7E61F3}"
EndProject
Project("{FAE04EC0-301F-11D3-BF4B-00C04F79EFBC}") = "10. Employee Data", "10.EmployeeData\10. Employee Data.csproj", "{78AEF31E-720D-45B3-9268-9FAC3C409CF3}"
EndProject
Project("{FAE04EC0-301F-11D3-BF4B-00C04F79EFBC}") = "12.NullValuesArithmetic", "12.NullValuesArithmetic\12.NullValuesArithmetic.csproj", "{53854A82-3D8C-47E1-B1D8-FB5DB5477D13}"
EndProject
Project("{FAE04EC0-301F-11D3-BF4B-00C04F79EFBC}") = "11.BankAccountData", "11.BankAccountData\11.BankAccountData.csproj", "{FDC11B55-9A05-4201-AF4E-AA91376E0F0E}"
EndProject
Project("{FAE04EC0-301F-11D3-BF4B-00C04F79EFBC}") = "13.ComparingFloats", "13.ComparingFloats\13.ComparingFloats.csproj", "{BB7B7E1B-C64D-4D82-98DA-7313B0EDD0FA}"
EndProject
Project("{FAE04EC0-301F-11D3-BF4B-00C04F79EFBC}") = "14.PrinttheASCIITable", "14.PrinttheASCIITable\14.PrinttheASCIITable.csproj", "{0DBAADA2-3C17-4CCC-B880-1CD7163563E6}"
EndProject
Project("{FAE04EC0-301F-11D3-BF4B-00C04F79EFBC}") = "15.FootballPlayer", "15.FootballPlayer\15.FootballPlayer.csproj", "{944D3CB7-D887-4D69-AE01-1DA6579E2AB4}"
EndProject
Project("{FAE04EC0-301F-11D3-BF4B-00C04F79EFBC}") = "08.88", "08.88\08.88.csproj", "{91998793-95C7-4C2A-9ED9-50F0FDCED824}"
EndProject
Project("{FAE04EC0-301F-11D3-BF4B-00C04F79EFBC}") = "16.HalfSumm", "16.HalfSumm\16.HalfSumm.csproj", "{2A1FFF23-F012-4378-8A37-89061F0F0397}"
EndProject
Project("{FAE04EC0-301F-11D3-BF4B-00C04F79EFBC}") = "17.Sunglasses", "17.Sunglasses\17.Sunglasses.csproj", "{8385C6DA-0A2A-43EA-85AC-D27B518EB719}"
EndProject
Project("{FAE04EC0-301F-11D3-BF4B-00C04F79EFBC}") = "18.NineDigitMagicNumber", "18.NineDigitMagicNumber\18.NineDigitMagicNumber.csproj", "{2711CE6C-48E8-4F75-8E9B-32DDB5A44679}"
EndProject
Project("{FAE04EC0-301F-11D3-BF4B-00C04F79EFBC}") = "19.BitsInverter", "19.BitsInverter\19.BitsInverter.csproj", "{B5409B2E-1476-4079-A6DD-01F9CCC4F813}"
EndProject
Global
	GlobalSection(SolutionConfigurationPlatforms) = preSolution
		Debug|Any CPU = Debug|Any CPU
		Release|Any CPU = Release|Any CPU
	EndGlobalSection
	GlobalSection(ProjectConfigurationPlatforms) = postSolution
		{00F9C3FA-D903-4EF4-BE88-C5DDFAC460C3}.Debug|Any CPU.ActiveCfg = Debug|Any CPU
		{00F9C3FA-D903-4EF4-BE88-C5DDFAC460C3}.Debug|Any CPU.Build.0 = Debug|Any CPU
		{00F9C3FA-D903-4EF4-BE88-C5DDFAC460C3}.Release|Any CPU.ActiveCfg = Release|Any CPU
		{00F9C3FA-D903-4EF4-BE88-C5DDFAC460C3}.Release|Any CPU.Build.0 = Release|Any CPU
		{44E3D409-3779-4EEF-A0EA-D77B0C2B2252}.Debug|Any CPU.ActiveCfg = Debug|Any CPU
		{44E3D409-3779-4EEF-A0EA-D77B0C2B2252}.Debug|Any CPU.Build.0 = Debug|Any CPU
		{44E3D409-3779-4EEF-A0EA-D77B0C2B2252}.Release|Any CPU.ActiveCfg = Release|Any CPU
		{44E3D409-3779-4EEF-A0EA-D77B0C2B2252}.Release|Any CPU.Build.0 = Release|Any CPU
		{F48D470C-2746-4966-BC0D-4CD4C3D017BB}.Debug|Any CPU.ActiveCfg = Debug|Any CPU
		{F48D470C-2746-4966-BC0D-4CD4C3D017BB}.Debug|Any CPU.Build.0 = Debug|Any CPU
		{F48D470C-2746-4966-BC0D-4CD4C3D017BB}.Release|Any CPU.ActiveCfg = Release|Any CPU
		{F48D470C-2746-4966-BC0D-4CD4C3D017BB}.Release|Any CPU.Build.0 = Release|Any CPU
		{C80EB79C-C1B9-4F51-A1C3-B1F6D2A080F5}.Debug|Any CPU.ActiveCfg = Debug|Any CPU
		{C80EB79C-C1B9-4F51-A1C3-B1F6D2A080F5}.Debug|Any CPU.Build.0 = Debug|Any CPU
		{C80EB79C-C1B9-4F51-A1C3-B1F6D2A080F5}.Release|Any CPU.ActiveCfg = Release|Any CPU
		{C80EB79C-C1B9-4F51-A1C3-B1F6D2A080F5}.Release|Any CPU.Build.0 = Release|Any CPU
		{10BAD5A5-76B9-44CB-A57B-1F1F143B238D}.Debug|Any CPU.ActiveCfg = Debug|Any CPU
		{10BAD5A5-76B9-44CB-A57B-1F1F143B238D}.Debug|Any CPU.Build.0 = Debug|Any CPU
		{10BAD5A5-76B9-44CB-A57B-1F1F143B238D}.Release|Any CPU.ActiveCfg = Release|Any CPU
		{10BAD5A5-76B9-44CB-A57B-1F1F143B238D}.Release|Any CPU.Build.0 = Release|Any CPU
		{0B5C0F7F-D3DB-4A54-9E31-A62F3688DAB4}.Debug|Any CPU.ActiveCfg = Debug|Any CPU
		{0B5C0F7F-D3DB-4A54-9E31-A62F3688DAB4}.Debug|Any CPU.Build.0 = Debug|Any CPU
		{0B5C0F7F-D3DB-4A54-9E31-A62F3688DAB4}.Release|Any CPU.ActiveCfg = Release|Any CPU
		{0B5C0F7F-D3DB-4A54-9E31-A62F3688DAB4}.Release|Any CPU.Build.0 = Release|Any CPU
		{547E62D9-7A45-4DF1-89C9-B588586CA8D1}.Debug|Any CPU.ActiveCfg = Debug|Any CPU
		{547E62D9-7A45-4DF1-89C9-B588586CA8D1}.Debug|Any CPU.Build.0 = Debug|Any CPU
		{547E62D9-7A45-4DF1-89C9-B588586CA8D1}.Release|Any CPU.ActiveCfg = Release|Any CPU
		{547E62D9-7A45-4DF1-89C9-B588586CA8D1}.Release|Any CPU.Build.0 = Release|Any CPU
		{49CF7A70-32FE-4D7F-B37D-62E0A59B40FB}.Debug|Any CPU.ActiveCfg = Debug|Any CPU
		{49CF7A70-32FE-4D7F-B37D-62E0A59B40FB}.Debug|Any CPU.Build.0 = Debug|Any CPU
		{49CF7A70-32FE-4D7F-B37D-62E0A59B40FB}.Release|Any CPU.ActiveCfg = Release|Any CPU
		{49CF7A70-32FE-4D7F-B37D-62E0A59B40FB}.Release|Any CPU.Build.0 = Release|Any CPU
		{F8430CF5-AEF4-4C47-9F18-F2293D7E61F3}.Debug|Any CPU.ActiveCfg = Debug|Any CPU
		{F8430CF5-AEF4-4C47-9F18-F2293D7E61F3}.Debug|Any CPU.Build.0 = Debug|Any CPU
		{F8430CF5-AEF4-4C47-9F18-F2293D7E61F3}.Release|Any CPU.ActiveCfg = Release|Any CPU
		{F8430CF5-AEF4-4C47-9F18-F2293D7E61F3}.Release|Any CPU.Build.0 = Release|Any CPU
		{78AEF31E-720D-45B3-9268-9FAC3C409CF3}.Debug|Any CPU.ActiveCfg = Debug|Any CPU
		{78AEF31E-720D-45B3-9268-9FAC3C409CF3}.Debug|Any CPU.Build.0 = Debug|Any CPU
		{78AEF31E-720D-45B3-9268-9FAC3C409CF3}.Release|Any CPU.ActiveCfg = Release|Any CPU
		{78AEF31E-720D-45B3-9268-9FAC3C409CF3}.Release|Any CPU.Build.0 = Release|Any CPU
		{53854A82-3D8C-47E1-B1D8-FB5DB5477D13}.Debug|Any CPU.ActiveCfg = Debug|Any CPU
		{53854A82-3D8C-47E1-B1D8-FB5DB5477D13}.Debug|Any CPU.Build.0 = Debug|Any CPU
		{53854A82-3D8C-47E1-B1D8-FB5DB5477D13}.Release|Any CPU.ActiveCfg = Release|Any CPU
		{53854A82-3D8C-47E1-B1D8-FB5DB5477D13}.Release|Any CPU.Build.0 = Release|Any CPU
		{FDC11B55-9A05-4201-AF4E-AA91376E0F0E}.Debug|Any CPU.ActiveCfg = Debug|Any CPU
		{FDC11B55-9A05-4201-AF4E-AA91376E0F0E}.Debug|Any CPU.Build.0 = Debug|Any CPU
		{FDC11B55-9A05-4201-AF4E-AA91376E0F0E}.Release|Any CPU.ActiveCfg = Release|Any CPU
		{FDC11B55-9A05-4201-AF4E-AA91376E0F0E}.Release|Any CPU.Build.0 = Release|Any CPU
		{BB7B7E1B-C64D-4D82-98DA-7313B0EDD0FA}.Debug|Any CPU.ActiveCfg = Debug|Any CPU
		{BB7B7E1B-C64D-4D82-98DA-7313B0EDD0FA}.Debug|Any CPU.Build.0 = Debug|Any CPU
		{BB7B7E1B-C64D-4D82-98DA-7313B0EDD0FA}.Release|Any CPU.ActiveCfg = Release|Any CPU
		{BB7B7E1B-C64D-4D82-98DA-7313B0EDD0FA}.Release|Any CPU.Build.0 = Release|Any CPU
		{0DBAADA2-3C17-4CCC-B880-1CD7163563E6}.Debug|Any CPU.ActiveCfg = Debug|Any CPU
		{0DBAADA2-3C17-4CCC-B880-1CD7163563E6}.Debug|Any CPU.Build.0 = Debug|Any CPU
		{0DBAADA2-3C17-4CCC-B880-1CD7163563E6}.Release|Any CPU.ActiveCfg = Release|Any CPU
		{0DBAADA2-3C17-4CCC-B880-1CD7163563E6}.Release|Any CPU.Build.0 = Release|Any CPU
		{944D3CB7-D887-4D69-AE01-1DA6579E2AB4}.Debug|Any CPU.ActiveCfg = Debug|Any CPU
		{944D3CB7-D887-4D69-AE01-1DA6579E2AB4}.Debug|Any CPU.Build.0 = Debug|Any CPU
		{944D3CB7-D887-4D69-AE01-1DA6579E2AB4}.Release|Any CPU.ActiveCfg = Release|Any CPU
		{944D3CB7-D887-4D69-AE01-1DA6579E2AB4}.Release|Any CPU.Build.0 = Release|Any CPU
		{91998793-95C7-4C2A-9ED9-50F0FDCED824}.Debug|Any CPU.ActiveCfg = Debug|Any CPU
		{91998793-95C7-4C2A-9ED9-50F0FDCED824}.Debug|Any CPU.Build.0 = Debug|Any CPU
		{91998793-95C7-4C2A-9ED9-50F0FDCED824}.Release|Any CPU.ActiveCfg = Release|Any CPU
		{91998793-95C7-4C2A-9ED9-50F0FDCED824}.Release|Any CPU.Build.0 = Release|Any CPU
		{2A1FFF23-F012-4378-8A37-89061F0F0397}.Debug|Any CPU.ActiveCfg = Debug|Any CPU
		{2A1FFF23-F012-4378-8A37-89061F0F0397}.Debug|Any CPU.Build.0 = Debug|Any CPU
		{2A1FFF23-F012-4378-8A37-89061F0F0397}.Release|Any CPU.ActiveCfg = Release|Any CPU
		{2A1FFF23-F012-4378-8A37-89061F0F0397}.Release|Any CPU.Build.0 = Release|Any CPU
		{8385C6DA-0A2A-43EA-85AC-D27B518EB719}.Debug|Any CPU.ActiveCfg = Debug|Any CPU
		{8385C6DA-0A2A-43EA-85AC-D27B518EB719}.Debug|Any CPU.Build.0 = Debug|Any CPU
		{8385C6DA-0A2A-43EA-85AC-D27B518EB719}.Release|Any CPU.ActiveCfg = Release|Any CPU
		{8385C6DA-0A2A-43EA-85AC-D27B518EB719}.Release|Any CPU.Build.0 = Release|Any CPU
		{2711CE6C-48E8-4F75-8E9B-32DDB5A44679}.Debug|Any CPU.ActiveCfg = Debug|Any CPU
		{2711CE6C-48E8-4F75-8E9B-32DDB5A44679}.Debug|Any CPU.Build.0 = Debug|Any CPU
		{2711CE6C-48E8-4F75-8E9B-32DDB5A44679}.Release|Any CPU.ActiveCfg = Release|Any CPU
		{2711CE6C-48E8-4F75-8E9B-32DDB5A44679}.Release|Any CPU.Build.0 = Release|Any CPU
		{B5409B2E-1476-4079-A6DD-01F9CCC4F813}.Debug|Any CPU.ActiveCfg = Debug|Any CPU
		{B5409B2E-1476-4079-A6DD-01F9CCC4F813}.Debug|Any CPU.Build.0 = Debug|Any CPU
		{B5409B2E-1476-4079-A6DD-01F9CCC4F813}.Release|Any CPU.ActiveCfg = Release|Any CPU
		{B5409B2E-1476-4079-A6DD-01F9CCC4F813}.Release|Any CPU.Build.0 = Release|Any CPU
	EndGlobalSection
	GlobalSection(SolutionProperties) = preSolution
		HideSolutionNode = FALSE
	EndGlobalSection
EndGlobal
