
Microsoft Visual Studio Solution File, Format Version 12.00
# Visual Studio 14
VisualStudioVersion = 14.0.23107.0
MinimumVisualStudioVersion = 10.0.40219.1
Project("{FAE04EC0-301F-11D3-BF4B-00C04F79EFBC}") = "01.Baba", "01.Baba\01.Baba.csproj", "{1CFF061F-D3B7-42FA-86D3-42295179E45F}"
EndProject
Project("{FAE04EC0-301F-11D3-BF4B-00C04F79EFBC}") = "02.Subsequence", "02.Subsequence\02.Subsequence.csproj", "{67C3317B-3220-421A-8989-0835ECC9A515}"
EndProject
Project("{FAE04EC0-301F-11D3-BF4B-00C04F79EFBC}") = "03.Trees", "03.Trees\03.Trees.csproj", "{0D47BF12-2A3F-4B68-9A5D-5500707AD00A}"
EndProject
Project("{FAE04EC0-301F-11D3-BF4B-00C04F79EFBC}") = "08.Aliens", "08.Aliens\08.Aliens.csproj", "{13BE185C-912E-4637-A59C-0A452F74A4D7}"
EndProject
Global
	GlobalSection(SolutionConfigurationPlatforms) = preSolution
		Debug|Any CPU = Debug|Any CPU
		Release|Any CPU = Release|Any CPU
	EndGlobalSection
	GlobalSection(ProjectConfigurationPlatforms) = postSolution
		{1CFF061F-D3B7-42FA-86D3-42295179E45F}.Debug|Any CPU.ActiveCfg = Debug|Any CPU
		{1CFF061F-D3B7-42FA-86D3-42295179E45F}.Debug|Any CPU.Build.0 = Debug|Any CPU
		{1CFF061F-D3B7-42FA-86D3-42295179E45F}.Release|Any CPU.ActiveCfg = Release|Any CPU
		{1CFF061F-D3B7-42FA-86D3-42295179E45F}.Release|Any CPU.Build.0 = Release|Any CPU
		{67C3317B-3220-421A-8989-0835ECC9A515}.Debug|Any CPU.ActiveCfg = Debug|Any CPU
		{67C3317B-3220-421A-8989-0835ECC9A515}.Debug|Any CPU.Build.0 = Debug|Any CPU
		{67C3317B-3220-421A-8989-0835ECC9A515}.Release|Any CPU.ActiveCfg = Release|Any CPU
		{67C3317B-3220-421A-8989-0835ECC9A515}.Release|Any CPU.Build.0 = Release|Any CPU
		{0D47BF12-2A3F-4B68-9A5D-5500707AD00A}.Debug|Any CPU.ActiveCfg = Debug|Any CPU
		{0D47BF12-2A3F-4B68-9A5D-5500707AD00A}.Debug|Any CPU.Build.0 = Debug|Any CPU
		{0D47BF12-2A3F-4B68-9A5D-5500707AD00A}.Release|Any CPU.ActiveCfg = Release|Any CPU
		{0D47BF12-2A3F-4B68-9A5D-5500707AD00A}.Release|Any CPU.Build.0 = Release|Any CPU
		{13BE185C-912E-4637-A59C-0A452F74A4D7}.Debug|Any CPU.ActiveCfg = Debug|Any CPU
		{13BE185C-912E-4637-A59C-0A452F74A4D7}.Debug|Any CPU.Build.0 = Debug|Any CPU
		{13BE185C-912E-4637-A59C-0A452F74A4D7}.Release|Any CPU.ActiveCfg = Release|Any CPU
		{13BE185C-912E-4637-A59C-0A452F74A4D7}.Release|Any CPU.Build.0 = Release|Any CPU
	EndGlobalSection
	GlobalSection(SolutionProperties) = preSolution
		HideSolutionNode = FALSE
	EndGlobalSection
EndGlobal
