
Microsoft Visual Studio Solution File, Format Version 12.00
# Visual Studio 2013
VisualStudioVersion = 12.0.31101.0
MinimumVisualStudioVersion = 10.0.40219.1
Project("{FAE04EC0-301F-11D3-BF4B-00C04F79EFBC}") = "01.GalacticGPS", "01.GalacticGPS\01.GalacticGPS.csproj", "{1149974C-0C5F-429B-9B91-DA4F7FC7E2E4}"
EndProject
Project("{FAE04EC0-301F-11D3-BF4B-00C04F79EFBC}") = "02.FractionCalculator", "02.FractionCalculator\02.FractionCalculator.csproj", "{9EE81448-8E6E-4AB9-B5F3-E9D0F880A252}"
EndProject
Project("{FAE04EC0-301F-11D3-BF4B-00C04F79EFBC}") = "03.GenericList", "03.GenericList\03.GenericList.csproj", "{5EEA4284-1C08-4B75-BA63-95AC0966FAE2}"
EndProject
Project("{FAE04EC0-301F-11D3-BF4B-00C04F79EFBC}") = "05.WordDocumentGenerator", "05.WordDocumentGenerator\05.WordDocumentGenerator.csproj", "{465CD5F4-072D-4810-951C-0805D4A21CCC}"
EndProject
Global
	GlobalSection(SolutionConfigurationPlatforms) = preSolution
		Debug|Any CPU = Debug|Any CPU
		Release|Any CPU = Release|Any CPU
	EndGlobalSection
	GlobalSection(ProjectConfigurationPlatforms) = postSolution
		{1149974C-0C5F-429B-9B91-DA4F7FC7E2E4}.Debug|Any CPU.ActiveCfg = Debug|Any CPU
		{1149974C-0C5F-429B-9B91-DA4F7FC7E2E4}.Debug|Any CPU.Build.0 = Debug|Any CPU
		{1149974C-0C5F-429B-9B91-DA4F7FC7E2E4}.Release|Any CPU.ActiveCfg = Release|Any CPU
		{1149974C-0C5F-429B-9B91-DA4F7FC7E2E4}.Release|Any CPU.Build.0 = Release|Any CPU
		{9EE81448-8E6E-4AB9-B5F3-E9D0F880A252}.Debug|Any CPU.ActiveCfg = Debug|Any CPU
		{9EE81448-8E6E-4AB9-B5F3-E9D0F880A252}.Debug|Any CPU.Build.0 = Debug|Any CPU
		{9EE81448-8E6E-4AB9-B5F3-E9D0F880A252}.Release|Any CPU.ActiveCfg = Release|Any CPU
		{9EE81448-8E6E-4AB9-B5F3-E9D0F880A252}.Release|Any CPU.Build.0 = Release|Any CPU
		{5EEA4284-1C08-4B75-BA63-95AC0966FAE2}.Debug|Any CPU.ActiveCfg = Debug|Any CPU
		{5EEA4284-1C08-4B75-BA63-95AC0966FAE2}.Debug|Any CPU.Build.0 = Debug|Any CPU
		{5EEA4284-1C08-4B75-BA63-95AC0966FAE2}.Release|Any CPU.ActiveCfg = Release|Any CPU
		{5EEA4284-1C08-4B75-BA63-95AC0966FAE2}.Release|Any CPU.Build.0 = Release|Any CPU
		{465CD5F4-072D-4810-951C-0805D4A21CCC}.Debug|Any CPU.ActiveCfg = Debug|Any CPU
		{465CD5F4-072D-4810-951C-0805D4A21CCC}.Debug|Any CPU.Build.0 = Debug|Any CPU
		{465CD5F4-072D-4810-951C-0805D4A21CCC}.Release|Any CPU.ActiveCfg = Release|Any CPU
		{465CD5F4-072D-4810-951C-0805D4A21CCC}.Release|Any CPU.Build.0 = Release|Any CPU
	EndGlobalSection
	GlobalSection(SolutionProperties) = preSolution
		HideSolutionNode = FALSE
	EndGlobalSection
EndGlobal
