
Microsoft Visual Studio Solution File, Format Version 12.00
# Visual Studio 2013
VisualStudioVersion = 12.0.31101.0
MinimumVisualStudioVersion = 10.0.40219.1
Project("{FAE04EC0-301F-11D3-BF4B-00C04F79EFBC}") = "05.BitCarousel", "05.BitCarousel\05.BitCarousel.csproj", "{680A58CD-8316-4171-9A79-6206B7B91C20}"
EndProject
Project("{FAE04EC0-301F-11D3-BF4B-00C04F79EFBC}") = "04.Substring", "04.Substring\04.Substring.csproj", "{FD7125EC-1E29-4EBF-B7EF-0672509FD9ED}"
EndProject
Project("{FAE04EC0-301F-11D3-BF4B-00C04F79EFBC}") = "01.InstructionSet", "01.InstructionSet\01.InstructionSet.csproj", "{432DA6E7-A22A-4D95-8A7B-3BC308BE651E}"
EndProject
Project("{FAE04EC0-301F-11D3-BF4B-00C04F79EFBC}") = "02.BePositive", "02.BePositive\02.BePositive.csproj", "{CDEAAB8A-3507-4F9C-9AE7-9065D52591A3}"
EndProject
Project("{FAE04EC0-301F-11D3-BF4B-00C04F79EFBC}") = "03.ArrayTest", "03.ArrayTest\03.ArrayTest.csproj", "{A4EEC161-96A0-4110-9015-1B06928BF5B7}"
EndProject
Global
	GlobalSection(SolutionConfigurationPlatforms) = preSolution
		Debug|Any CPU = Debug|Any CPU
		Release|Any CPU = Release|Any CPU
	EndGlobalSection
	GlobalSection(ProjectConfigurationPlatforms) = postSolution
		{680A58CD-8316-4171-9A79-6206B7B91C20}.Debug|Any CPU.ActiveCfg = Debug|Any CPU
		{680A58CD-8316-4171-9A79-6206B7B91C20}.Debug|Any CPU.Build.0 = Debug|Any CPU
		{680A58CD-8316-4171-9A79-6206B7B91C20}.Release|Any CPU.ActiveCfg = Release|Any CPU
		{680A58CD-8316-4171-9A79-6206B7B91C20}.Release|Any CPU.Build.0 = Release|Any CPU
		{FD7125EC-1E29-4EBF-B7EF-0672509FD9ED}.Debug|Any CPU.ActiveCfg = Debug|Any CPU
		{FD7125EC-1E29-4EBF-B7EF-0672509FD9ED}.Debug|Any CPU.Build.0 = Debug|Any CPU
		{FD7125EC-1E29-4EBF-B7EF-0672509FD9ED}.Release|Any CPU.ActiveCfg = Release|Any CPU
		{FD7125EC-1E29-4EBF-B7EF-0672509FD9ED}.Release|Any CPU.Build.0 = Release|Any CPU
		{432DA6E7-A22A-4D95-8A7B-3BC308BE651E}.Debug|Any CPU.ActiveCfg = Debug|Any CPU
		{432DA6E7-A22A-4D95-8A7B-3BC308BE651E}.Debug|Any CPU.Build.0 = Debug|Any CPU
		{432DA6E7-A22A-4D95-8A7B-3BC308BE651E}.Release|Any CPU.ActiveCfg = Release|Any CPU
		{432DA6E7-A22A-4D95-8A7B-3BC308BE651E}.Release|Any CPU.Build.0 = Release|Any CPU
		{CDEAAB8A-3507-4F9C-9AE7-9065D52591A3}.Debug|Any CPU.ActiveCfg = Debug|Any CPU
		{CDEAAB8A-3507-4F9C-9AE7-9065D52591A3}.Debug|Any CPU.Build.0 = Debug|Any CPU
		{CDEAAB8A-3507-4F9C-9AE7-9065D52591A3}.Release|Any CPU.ActiveCfg = Release|Any CPU
		{CDEAAB8A-3507-4F9C-9AE7-9065D52591A3}.Release|Any CPU.Build.0 = Release|Any CPU
		{A4EEC161-96A0-4110-9015-1B06928BF5B7}.Debug|Any CPU.ActiveCfg = Debug|Any CPU
		{A4EEC161-96A0-4110-9015-1B06928BF5B7}.Debug|Any CPU.Build.0 = Debug|Any CPU
		{A4EEC161-96A0-4110-9015-1B06928BF5B7}.Release|Any CPU.ActiveCfg = Release|Any CPU
		{A4EEC161-96A0-4110-9015-1B06928BF5B7}.Release|Any CPU.Build.0 = Release|Any CPU
	EndGlobalSection
	GlobalSection(SolutionProperties) = preSolution
		HideSolutionNode = FALSE
	EndGlobalSection
EndGlobal
