
Microsoft Visual Studio Solution File, Format Version 12.00
# Visual Studio 14
VisualStudioVersion = 14.0.23107.0
MinimumVisualStudioVersion = 10.0.40219.1
Project("{FAE04EC0-301F-11D3-BF4B-00C04F79EFBC}") = "01.Permutations", "01.Permutations\01.Permutations.csproj", "{CEA6949D-46FB-40D8-A7A5-FCF34AA694E9}"
EndProject
Project("{FAE04EC0-301F-11D3-BF4B-00C04F79EFBC}") = "02.PermutationsIteratively", "02.PermutationsIteratively\02.PermutationsIteratively.csproj", "{03128B94-74E7-4815-A26B-BE55E50B4518}"
EndProject
Project("{FAE04EC0-301F-11D3-BF4B-00C04F79EFBC}") = "03.GenerateCombinationsIteratively", "03.GenerateCombinationsIteratively\03.GenerateCombinationsIteratively.csproj", "{23FDA4E4-8FBE-457B-86AC-8B51BE0AF116}"
EndProject
Project("{FAE04EC0-301F-11D3-BF4B-00C04F79EFBC}") = "04.GenerateSubsetsOfStringArray", "04.GenerateSubsetsOfStringArray\04.GenerateSubsetsOfStringArray.csproj", "{F4F204ED-719F-4AC4-84E1-10FA07C4FF80}"
EndProject
Project("{FAE04EC0-301F-11D3-BF4B-00C04F79EFBC}") = "05.PermutationsWithRepetition", "05.PermutationsWithRepetition\05.PermutationsWithRepetition.csproj", "{12D75EA8-EC1C-43AC-BB07-A4A4E2D4E507}"
EndProject
Project("{FAE04EC0-301F-11D3-BF4B-00C04F79EFBC}") = "06.Snakes", "06.Snakes\06.Snakes.csproj", "{528F7605-060D-48EF-B020-BC8E925D5176}"
EndProject
Project("{FAE04EC0-301F-11D3-BF4B-00C04F79EFBC}") = "00.CombinationsWithoutRepetition", "00.CombinationsWithoutRepetition\00.CombinationsWithoutRepetition.csproj", "{3AC4460F-EBB2-46F1-AE8A-02F860CC25B9}"
EndProject
Project("{FAE04EC0-301F-11D3-BF4B-00C04F79EFBC}") = "00.CombinationsWithRepetition", "00.CombinationsWithRepetition\00.CombinationsWithRepetition.csproj", "{89A5C364-E6D7-4295-9F0A-A88274FA16BD}"
EndProject
Project("{FAE04EC0-301F-11D3-BF4B-00C04F79EFBC}") = "00.GenerateVariationsWithoutRepetition", "00.GenerateVariationsWithoutRepetition\00.GenerateVariationsWithoutRepetition.csproj", "{3B7DF4F2-F7C9-4E7D-A9BD-5E54AE0E949C}"
EndProject
Project("{FAE04EC0-301F-11D3-BF4B-00C04F79EFBC}") = "00.GenerateVariationsWithRepetition", "00.GenerateVariationsWithRepetition\00.GenerateVariationsWithRepetition.csproj", "{06263443-0ABF-4D67-BF92-0504B044A42A}"
EndProject
Global
	GlobalSection(SolutionConfigurationPlatforms) = preSolution
		Debug|Any CPU = Debug|Any CPU
		Release|Any CPU = Release|Any CPU
	EndGlobalSection
	GlobalSection(ProjectConfigurationPlatforms) = postSolution
		{CEA6949D-46FB-40D8-A7A5-FCF34AA694E9}.Debug|Any CPU.ActiveCfg = Debug|Any CPU
		{CEA6949D-46FB-40D8-A7A5-FCF34AA694E9}.Debug|Any CPU.Build.0 = Debug|Any CPU
		{CEA6949D-46FB-40D8-A7A5-FCF34AA694E9}.Release|Any CPU.ActiveCfg = Release|Any CPU
		{CEA6949D-46FB-40D8-A7A5-FCF34AA694E9}.Release|Any CPU.Build.0 = Release|Any CPU
		{03128B94-74E7-4815-A26B-BE55E50B4518}.Debug|Any CPU.ActiveCfg = Debug|Any CPU
		{03128B94-74E7-4815-A26B-BE55E50B4518}.Debug|Any CPU.Build.0 = Debug|Any CPU
		{03128B94-74E7-4815-A26B-BE55E50B4518}.Release|Any CPU.ActiveCfg = Release|Any CPU
		{03128B94-74E7-4815-A26B-BE55E50B4518}.Release|Any CPU.Build.0 = Release|Any CPU
		{23FDA4E4-8FBE-457B-86AC-8B51BE0AF116}.Debug|Any CPU.ActiveCfg = Debug|Any CPU
		{23FDA4E4-8FBE-457B-86AC-8B51BE0AF116}.Debug|Any CPU.Build.0 = Debug|Any CPU
		{23FDA4E4-8FBE-457B-86AC-8B51BE0AF116}.Release|Any CPU.ActiveCfg = Release|Any CPU
		{23FDA4E4-8FBE-457B-86AC-8B51BE0AF116}.Release|Any CPU.Build.0 = Release|Any CPU
		{F4F204ED-719F-4AC4-84E1-10FA07C4FF80}.Debug|Any CPU.ActiveCfg = Debug|Any CPU
		{F4F204ED-719F-4AC4-84E1-10FA07C4FF80}.Debug|Any CPU.Build.0 = Debug|Any CPU
		{F4F204ED-719F-4AC4-84E1-10FA07C4FF80}.Release|Any CPU.ActiveCfg = Release|Any CPU
		{F4F204ED-719F-4AC4-84E1-10FA07C4FF80}.Release|Any CPU.Build.0 = Release|Any CPU
		{12D75EA8-EC1C-43AC-BB07-A4A4E2D4E507}.Debug|Any CPU.ActiveCfg = Debug|Any CPU
		{12D75EA8-EC1C-43AC-BB07-A4A4E2D4E507}.Debug|Any CPU.Build.0 = Debug|Any CPU
		{12D75EA8-EC1C-43AC-BB07-A4A4E2D4E507}.Release|Any CPU.ActiveCfg = Release|Any CPU
		{12D75EA8-EC1C-43AC-BB07-A4A4E2D4E507}.Release|Any CPU.Build.0 = Release|Any CPU
		{528F7605-060D-48EF-B020-BC8E925D5176}.Debug|Any CPU.ActiveCfg = Debug|Any CPU
		{528F7605-060D-48EF-B020-BC8E925D5176}.Debug|Any CPU.Build.0 = Debug|Any CPU
		{528F7605-060D-48EF-B020-BC8E925D5176}.Release|Any CPU.ActiveCfg = Release|Any CPU
		{528F7605-060D-48EF-B020-BC8E925D5176}.Release|Any CPU.Build.0 = Release|Any CPU
		{3AC4460F-EBB2-46F1-AE8A-02F860CC25B9}.Debug|Any CPU.ActiveCfg = Debug|Any CPU
		{3AC4460F-EBB2-46F1-AE8A-02F860CC25B9}.Debug|Any CPU.Build.0 = Debug|Any CPU
		{3AC4460F-EBB2-46F1-AE8A-02F860CC25B9}.Release|Any CPU.ActiveCfg = Release|Any CPU
		{3AC4460F-EBB2-46F1-AE8A-02F860CC25B9}.Release|Any CPU.Build.0 = Release|Any CPU
		{89A5C364-E6D7-4295-9F0A-A88274FA16BD}.Debug|Any CPU.ActiveCfg = Debug|Any CPU
		{89A5C364-E6D7-4295-9F0A-A88274FA16BD}.Debug|Any CPU.Build.0 = Debug|Any CPU
		{89A5C364-E6D7-4295-9F0A-A88274FA16BD}.Release|Any CPU.ActiveCfg = Release|Any CPU
		{89A5C364-E6D7-4295-9F0A-A88274FA16BD}.Release|Any CPU.Build.0 = Release|Any CPU
		{3B7DF4F2-F7C9-4E7D-A9BD-5E54AE0E949C}.Debug|Any CPU.ActiveCfg = Debug|Any CPU
		{3B7DF4F2-F7C9-4E7D-A9BD-5E54AE0E949C}.Debug|Any CPU.Build.0 = Debug|Any CPU
		{3B7DF4F2-F7C9-4E7D-A9BD-5E54AE0E949C}.Release|Any CPU.ActiveCfg = Release|Any CPU
		{3B7DF4F2-F7C9-4E7D-A9BD-5E54AE0E949C}.Release|Any CPU.Build.0 = Release|Any CPU
		{06263443-0ABF-4D67-BF92-0504B044A42A}.Debug|Any CPU.ActiveCfg = Debug|Any CPU
		{06263443-0ABF-4D67-BF92-0504B044A42A}.Debug|Any CPU.Build.0 = Debug|Any CPU
		{06263443-0ABF-4D67-BF92-0504B044A42A}.Release|Any CPU.ActiveCfg = Release|Any CPU
		{06263443-0ABF-4D67-BF92-0504B044A42A}.Release|Any CPU.Build.0 = Release|Any CPU
	EndGlobalSection
	GlobalSection(SolutionProperties) = preSolution
		HideSolutionNode = FALSE
	EndGlobalSection
EndGlobal
