
Microsoft Visual Studio Solution File, Format Version 12.00
# Visual Studio 2013
VisualStudioVersion = 12.0.31101.0
MinimumVisualStudioVersion = 10.0.40219.1
Project("{FAE04EC0-301F-11D3-BF4B-00C04F79EFBC}") = "01.SortArrayOfNumbers", "..\01.SortArrayOfNumbers\01.SortArrayOfNumbers.csproj", "{A8240219-F85F-4E8C-9FA5-6036E47EBF57}"
EndProject
Project("{FAE04EC0-301F-11D3-BF4B-00C04F79EFBC}") = "02.SortArrayOfNumbersSelectionSort", "02.SortArrayOfNumbersSelectionSort\02.SortArrayOfNumbersSelectionSort.csproj", "{6111A332-840F-4E40-8A5D-97B70A5AB04B}"
EndProject
Project("{FAE04EC0-301F-11D3-BF4B-00C04F79EFBC}") = "03.CategorizeNumbers", "03.CategorizeNumbers\03.CategorizeNumbers.csproj", "{1E45F063-BF6F-4CF2-962A-7CC38D3D5119}"
EndProject
Project("{FAE04EC0-301F-11D3-BF4B-00C04F79EFBC}") = "04.SequencesOfEqualStrings", "04.SequencesOfEqualStrings\04.SequencesOfEqualStrings.csproj", "{5F90C341-79ED-42FD-86FF-A39699455686}"
EndProject
Project("{FAE04EC0-301F-11D3-BF4B-00C04F79EFBC}") = "05.LongestIncreasingSequence", "05.LongestIncreasingSequence\05.LongestIncreasingSequence.csproj", "{A5BBF76D-3840-45F4-8B04-C7096D4EB223}"
EndProject
Project("{FAE04EC0-301F-11D3-BF4B-00C04F79EFBC}") = "06.SubsetSums", "06.SubsetSums\06.SubsetSums.csproj", "{F6D19C2D-78E5-45D4-981A-A6A21C2B0774}"
EndProject
Project("{FAE04EC0-301F-11D3-BF4B-00C04F79EFBC}") = "07.SortedSubsetSums", "07.SortedSubsetSums\07.SortedSubsetSums.csproj", "{F7E561A0-2AA4-4082-BD1C-2802C42BC728}"
EndProject
Project("{FAE04EC0-301F-11D3-BF4B-00C04F79EFBC}") = "08.LegoBlocks", "08.LegoBlocks\08.LegoBlocks.csproj", "{61D423BD-6A38-4221-B2EB-BACE415AD855}"
EndProject
Project("{FAE04EC0-301F-11D3-BF4B-00C04F79EFBC}") = "09.StuckNumbers", "09.StuckNumbers\09.StuckNumbers.csproj", "{746F447A-1189-4281-BD2F-766270775777}"
EndProject
Project("{FAE04EC0-301F-11D3-BF4B-00C04F79EFBC}") = "10.PythagoreanNumbers", "10.PythagoreanNumbers\10.PythagoreanNumbers.csproj", "{A0D41D8D-7488-4229-B39D-E947C49136F1}"
EndProject
Global
	GlobalSection(SolutionConfigurationPlatforms) = preSolution
		Debug|Any CPU = Debug|Any CPU
		Release|Any CPU = Release|Any CPU
	EndGlobalSection
	GlobalSection(ProjectConfigurationPlatforms) = postSolution
		{A8240219-F85F-4E8C-9FA5-6036E47EBF57}.Debug|Any CPU.ActiveCfg = Debug|Any CPU
		{A8240219-F85F-4E8C-9FA5-6036E47EBF57}.Debug|Any CPU.Build.0 = Debug|Any CPU
		{A8240219-F85F-4E8C-9FA5-6036E47EBF57}.Release|Any CPU.ActiveCfg = Release|Any CPU
		{A8240219-F85F-4E8C-9FA5-6036E47EBF57}.Release|Any CPU.Build.0 = Release|Any CPU
		{6111A332-840F-4E40-8A5D-97B70A5AB04B}.Debug|Any CPU.ActiveCfg = Debug|Any CPU
		{6111A332-840F-4E40-8A5D-97B70A5AB04B}.Debug|Any CPU.Build.0 = Debug|Any CPU
		{6111A332-840F-4E40-8A5D-97B70A5AB04B}.Release|Any CPU.ActiveCfg = Release|Any CPU
		{6111A332-840F-4E40-8A5D-97B70A5AB04B}.Release|Any CPU.Build.0 = Release|Any CPU
		{1E45F063-BF6F-4CF2-962A-7CC38D3D5119}.Debug|Any CPU.ActiveCfg = Debug|Any CPU
		{1E45F063-BF6F-4CF2-962A-7CC38D3D5119}.Debug|Any CPU.Build.0 = Debug|Any CPU
		{1E45F063-BF6F-4CF2-962A-7CC38D3D5119}.Release|Any CPU.ActiveCfg = Release|Any CPU
		{1E45F063-BF6F-4CF2-962A-7CC38D3D5119}.Release|Any CPU.Build.0 = Release|Any CPU
		{5F90C341-79ED-42FD-86FF-A39699455686}.Debug|Any CPU.ActiveCfg = Debug|Any CPU
		{5F90C341-79ED-42FD-86FF-A39699455686}.Debug|Any CPU.Build.0 = Debug|Any CPU
		{5F90C341-79ED-42FD-86FF-A39699455686}.Release|Any CPU.ActiveCfg = Release|Any CPU
		{5F90C341-79ED-42FD-86FF-A39699455686}.Release|Any CPU.Build.0 = Release|Any CPU
		{A5BBF76D-3840-45F4-8B04-C7096D4EB223}.Debug|Any CPU.ActiveCfg = Debug|Any CPU
		{A5BBF76D-3840-45F4-8B04-C7096D4EB223}.Debug|Any CPU.Build.0 = Debug|Any CPU
		{A5BBF76D-3840-45F4-8B04-C7096D4EB223}.Release|Any CPU.ActiveCfg = Release|Any CPU
		{A5BBF76D-3840-45F4-8B04-C7096D4EB223}.Release|Any CPU.Build.0 = Release|Any CPU
		{F6D19C2D-78E5-45D4-981A-A6A21C2B0774}.Debug|Any CPU.ActiveCfg = Debug|Any CPU
		{F6D19C2D-78E5-45D4-981A-A6A21C2B0774}.Debug|Any CPU.Build.0 = Debug|Any CPU
		{F6D19C2D-78E5-45D4-981A-A6A21C2B0774}.Release|Any CPU.ActiveCfg = Release|Any CPU
		{F6D19C2D-78E5-45D4-981A-A6A21C2B0774}.Release|Any CPU.Build.0 = Release|Any CPU
		{F7E561A0-2AA4-4082-BD1C-2802C42BC728}.Debug|Any CPU.ActiveCfg = Debug|Any CPU
		{F7E561A0-2AA4-4082-BD1C-2802C42BC728}.Debug|Any CPU.Build.0 = Debug|Any CPU
		{F7E561A0-2AA4-4082-BD1C-2802C42BC728}.Release|Any CPU.ActiveCfg = Release|Any CPU
		{F7E561A0-2AA4-4082-BD1C-2802C42BC728}.Release|Any CPU.Build.0 = Release|Any CPU
		{61D423BD-6A38-4221-B2EB-BACE415AD855}.Debug|Any CPU.ActiveCfg = Debug|Any CPU
		{61D423BD-6A38-4221-B2EB-BACE415AD855}.Debug|Any CPU.Build.0 = Debug|Any CPU
		{61D423BD-6A38-4221-B2EB-BACE415AD855}.Release|Any CPU.ActiveCfg = Release|Any CPU
		{61D423BD-6A38-4221-B2EB-BACE415AD855}.Release|Any CPU.Build.0 = Release|Any CPU
		{746F447A-1189-4281-BD2F-766270775777}.Debug|Any CPU.ActiveCfg = Debug|Any CPU
		{746F447A-1189-4281-BD2F-766270775777}.Debug|Any CPU.Build.0 = Debug|Any CPU
		{746F447A-1189-4281-BD2F-766270775777}.Release|Any CPU.ActiveCfg = Release|Any CPU
		{746F447A-1189-4281-BD2F-766270775777}.Release|Any CPU.Build.0 = Release|Any CPU
		{A0D41D8D-7488-4229-B39D-E947C49136F1}.Debug|Any CPU.ActiveCfg = Debug|Any CPU
		{A0D41D8D-7488-4229-B39D-E947C49136F1}.Debug|Any CPU.Build.0 = Debug|Any CPU
		{A0D41D8D-7488-4229-B39D-E947C49136F1}.Release|Any CPU.ActiveCfg = Release|Any CPU
		{A0D41D8D-7488-4229-B39D-E947C49136F1}.Release|Any CPU.Build.0 = Release|Any CPU
	EndGlobalSection
	GlobalSection(SolutionProperties) = preSolution
		HideSolutionNode = FALSE
	EndGlobalSection
EndGlobal
