
Microsoft Visual Studio Solution File, Format Version 12.00
# Visual Studio 2013
VisualStudioVersion = 12.0.31101.0
MinimumVisualStudioVersion = 10.0.40219.1
Project("{FAE04EC0-301F-11D3-BF4B-00C04F79EFBC}") = "01.ExchangeIfGreater", "01.ExchangeIfGreater\01.ExchangeIfGreater.csproj", "{7BEB1BF3-E692-4A95-A86A-E510F91E4E72}"
EndProject
Project("{FAE04EC0-301F-11D3-BF4B-00C04F79EFBC}") = "02.BonusScore", "02.BonusScore\02.BonusScore.csproj", "{14D78F35-271B-47D2-82C1-6B5E41A38800}"
EndProject
Project("{FAE04EC0-301F-11D3-BF4B-00C04F79EFBC}") = "03.CheckPlayCard", "03.CheckPlayCard\03.CheckPlayCard.csproj", "{1EC8D388-0CE9-4D76-B92A-4378DE05EE78}"
EndProject
Project("{FAE04EC0-301F-11D3-BF4B-00C04F79EFBC}") = "04.MultiplicationSign", "04.MultiplicationSign\04.MultiplicationSign.csproj", "{0DD7B788-524C-4D0F-AA71-782A50AB1BC1}"
EndProject
Project("{FAE04EC0-301F-11D3-BF4B-00C04F79EFBC}") = "08.DigitAsWord", "08.DigitAsWord\08.DigitAsWord.csproj", "{58C693F3-414D-4E5B-A167-965C81A46E45}"
EndProject
Project("{FAE04EC0-301F-11D3-BF4B-00C04F79EFBC}") = "09.IntDoubleString", "09.IntDoubleString\09.IntDoubleString.csproj", "{DC77DDF8-E5F9-48AE-BFAE-1787838EDE9B}"
EndProject
Project("{FAE04EC0-301F-11D3-BF4B-00C04F79EFBC}") = "10.BeerTime", "10.BeerTime\10.BeerTime.csproj", "{832124DF-76F0-45C8-8009-18A24579DC02}"
EndProject
Project("{FAE04EC0-301F-11D3-BF4B-00C04F79EFBC}") = "05.TheBiggestOf3Numbers", "05.TheBiggestOf3Numbers\05.TheBiggestOf3Numbers.csproj", "{BE94B747-5E0B-4362-AA35-FACD9D349673}"
EndProject
Project("{FAE04EC0-301F-11D3-BF4B-00C04F79EFBC}") = "06.TheBiggestOf5Numbers", "06.TheBiggestOf5Numbers\06.TheBiggestOf5Numbers.csproj", "{36568813-334F-41C7-9553-FD5494A0FD7B}"
EndProject
Project("{FAE04EC0-301F-11D3-BF4B-00C04F79EFBC}") = "07.Sort3NumbersWithNestedIfs", "07.Sort3NumbersWithNestedIfs\07.Sort3NumbersWithNestedIfs.csproj", "{E7648B73-47F7-47B0-ABBB-BDBB2FB837E4}"
EndProject
Project("{FAE04EC0-301F-11D3-BF4B-00C04F79EFBC}") = "11.NumberAsWords", "11.NumberAsWords\11.NumberAsWords.csproj", "{CE31B3EB-F203-4531-9C9B-CAB9A155231A}"
EndProject
Project("{FAE04EC0-301F-11D3-BF4B-00C04F79EFBC}") = "12.ZeroSubset", "12.ZeroSubset\12.ZeroSubset.csproj", "{518B376E-F163-4B62-8BD4-3B7B5DD81475}"
EndProject
Global
	GlobalSection(SolutionConfigurationPlatforms) = preSolution
		Debug|Any CPU = Debug|Any CPU
		Release|Any CPU = Release|Any CPU
	EndGlobalSection
	GlobalSection(ProjectConfigurationPlatforms) = postSolution
		{7BEB1BF3-E692-4A95-A86A-E510F91E4E72}.Debug|Any CPU.ActiveCfg = Debug|Any CPU
		{7BEB1BF3-E692-4A95-A86A-E510F91E4E72}.Debug|Any CPU.Build.0 = Debug|Any CPU
		{7BEB1BF3-E692-4A95-A86A-E510F91E4E72}.Release|Any CPU.ActiveCfg = Release|Any CPU
		{7BEB1BF3-E692-4A95-A86A-E510F91E4E72}.Release|Any CPU.Build.0 = Release|Any CPU
		{14D78F35-271B-47D2-82C1-6B5E41A38800}.Debug|Any CPU.ActiveCfg = Debug|Any CPU
		{14D78F35-271B-47D2-82C1-6B5E41A38800}.Debug|Any CPU.Build.0 = Debug|Any CPU
		{14D78F35-271B-47D2-82C1-6B5E41A38800}.Release|Any CPU.ActiveCfg = Release|Any CPU
		{14D78F35-271B-47D2-82C1-6B5E41A38800}.Release|Any CPU.Build.0 = Release|Any CPU
		{1EC8D388-0CE9-4D76-B92A-4378DE05EE78}.Debug|Any CPU.ActiveCfg = Debug|Any CPU
		{1EC8D388-0CE9-4D76-B92A-4378DE05EE78}.Debug|Any CPU.Build.0 = Debug|Any CPU
		{1EC8D388-0CE9-4D76-B92A-4378DE05EE78}.Release|Any CPU.ActiveCfg = Release|Any CPU
		{1EC8D388-0CE9-4D76-B92A-4378DE05EE78}.Release|Any CPU.Build.0 = Release|Any CPU
		{0DD7B788-524C-4D0F-AA71-782A50AB1BC1}.Debug|Any CPU.ActiveCfg = Debug|Any CPU
		{0DD7B788-524C-4D0F-AA71-782A50AB1BC1}.Debug|Any CPU.Build.0 = Debug|Any CPU
		{0DD7B788-524C-4D0F-AA71-782A50AB1BC1}.Release|Any CPU.ActiveCfg = Release|Any CPU
		{0DD7B788-524C-4D0F-AA71-782A50AB1BC1}.Release|Any CPU.Build.0 = Release|Any CPU
		{58C693F3-414D-4E5B-A167-965C81A46E45}.Debug|Any CPU.ActiveCfg = Debug|Any CPU
		{58C693F3-414D-4E5B-A167-965C81A46E45}.Debug|Any CPU.Build.0 = Debug|Any CPU
		{58C693F3-414D-4E5B-A167-965C81A46E45}.Release|Any CPU.ActiveCfg = Release|Any CPU
		{58C693F3-414D-4E5B-A167-965C81A46E45}.Release|Any CPU.Build.0 = Release|Any CPU
		{DC77DDF8-E5F9-48AE-BFAE-1787838EDE9B}.Debug|Any CPU.ActiveCfg = Debug|Any CPU
		{DC77DDF8-E5F9-48AE-BFAE-1787838EDE9B}.Debug|Any CPU.Build.0 = Debug|Any CPU
		{DC77DDF8-E5F9-48AE-BFAE-1787838EDE9B}.Release|Any CPU.ActiveCfg = Release|Any CPU
		{DC77DDF8-E5F9-48AE-BFAE-1787838EDE9B}.Release|Any CPU.Build.0 = Release|Any CPU
		{832124DF-76F0-45C8-8009-18A24579DC02}.Debug|Any CPU.ActiveCfg = Debug|Any CPU
		{832124DF-76F0-45C8-8009-18A24579DC02}.Debug|Any CPU.Build.0 = Debug|Any CPU
		{832124DF-76F0-45C8-8009-18A24579DC02}.Release|Any CPU.ActiveCfg = Release|Any CPU
		{832124DF-76F0-45C8-8009-18A24579DC02}.Release|Any CPU.Build.0 = Release|Any CPU
		{BE94B747-5E0B-4362-AA35-FACD9D349673}.Debug|Any CPU.ActiveCfg = Debug|Any CPU
		{BE94B747-5E0B-4362-AA35-FACD9D349673}.Debug|Any CPU.Build.0 = Debug|Any CPU
		{BE94B747-5E0B-4362-AA35-FACD9D349673}.Release|Any CPU.ActiveCfg = Release|Any CPU
		{BE94B747-5E0B-4362-AA35-FACD9D349673}.Release|Any CPU.Build.0 = Release|Any CPU
		{36568813-334F-41C7-9553-FD5494A0FD7B}.Debug|Any CPU.ActiveCfg = Debug|Any CPU
		{36568813-334F-41C7-9553-FD5494A0FD7B}.Debug|Any CPU.Build.0 = Debug|Any CPU
		{36568813-334F-41C7-9553-FD5494A0FD7B}.Release|Any CPU.ActiveCfg = Release|Any CPU
		{36568813-334F-41C7-9553-FD5494A0FD7B}.Release|Any CPU.Build.0 = Release|Any CPU
		{E7648B73-47F7-47B0-ABBB-BDBB2FB837E4}.Debug|Any CPU.ActiveCfg = Debug|Any CPU
		{E7648B73-47F7-47B0-ABBB-BDBB2FB837E4}.Debug|Any CPU.Build.0 = Debug|Any CPU
		{E7648B73-47F7-47B0-ABBB-BDBB2FB837E4}.Release|Any CPU.ActiveCfg = Release|Any CPU
		{E7648B73-47F7-47B0-ABBB-BDBB2FB837E4}.Release|Any CPU.Build.0 = Release|Any CPU
		{CE31B3EB-F203-4531-9C9B-CAB9A155231A}.Debug|Any CPU.ActiveCfg = Debug|Any CPU
		{CE31B3EB-F203-4531-9C9B-CAB9A155231A}.Debug|Any CPU.Build.0 = Debug|Any CPU
		{CE31B3EB-F203-4531-9C9B-CAB9A155231A}.Release|Any CPU.ActiveCfg = Release|Any CPU
		{CE31B3EB-F203-4531-9C9B-CAB9A155231A}.Release|Any CPU.Build.0 = Release|Any CPU
		{518B376E-F163-4B62-8BD4-3B7B5DD81475}.Debug|Any CPU.ActiveCfg = Debug|Any CPU
		{518B376E-F163-4B62-8BD4-3B7B5DD81475}.Debug|Any CPU.Build.0 = Debug|Any CPU
		{518B376E-F163-4B62-8BD4-3B7B5DD81475}.Release|Any CPU.ActiveCfg = Release|Any CPU
		{518B376E-F163-4B62-8BD4-3B7B5DD81475}.Release|Any CPU.Build.0 = Release|Any CPU
	EndGlobalSection
	GlobalSection(SolutionProperties) = preSolution
		HideSolutionNode = FALSE
	EndGlobalSection
EndGlobal
