
Microsoft Visual Studio Solution File, Format Version 12.00
# Visual Studio 2013
VisualStudioVersion = 12.0.31101.0
MinimumVisualStudioVersion = 10.0.40219.1
Project("{FAE04EC0-301F-11D3-BF4B-00C04F79EFBC}") = "01", "01\01.csproj", "{65EC811D-E6FF-4CAF-9B72-3B45C8C4E0AE}"
EndProject
Project("{FAE04EC0-301F-11D3-BF4B-00C04F79EFBC}") = "02", "02\02.csproj", "{BA463434-B7CB-49F1-9C67-F24DB5CF35D5}"
EndProject
Project("{FAE04EC0-301F-11D3-BF4B-00C04F79EFBC}") = "03", "03\03.csproj", "{C61DF9C1-6476-4BD9-8D87-FAE5ACDC3A34}"
EndProject
Project("{FAE04EC0-301F-11D3-BF4B-00C04F79EFBC}") = "04", "04\04.csproj", "{C2AC30ED-129C-4A92-AFF0-68245138F293}"
EndProject
Project("{FAE04EC0-301F-11D3-BF4B-00C04F79EFBC}") = "05", "05\05.csproj", "{2DF9632A-8B80-44C8-877A-D549E9CD9388}"
EndProject
Global
	GlobalSection(SolutionConfigurationPlatforms) = preSolution
		Debug|Any CPU = Debug|Any CPU
		Release|Any CPU = Release|Any CPU
	EndGlobalSection
	GlobalSection(ProjectConfigurationPlatforms) = postSolution
		{65EC811D-E6FF-4CAF-9B72-3B45C8C4E0AE}.Debug|Any CPU.ActiveCfg = Debug|Any CPU
		{65EC811D-E6FF-4CAF-9B72-3B45C8C4E0AE}.Debug|Any CPU.Build.0 = Debug|Any CPU
		{65EC811D-E6FF-4CAF-9B72-3B45C8C4E0AE}.Release|Any CPU.ActiveCfg = Release|Any CPU
		{65EC811D-E6FF-4CAF-9B72-3B45C8C4E0AE}.Release|Any CPU.Build.0 = Release|Any CPU
		{BA463434-B7CB-49F1-9C67-F24DB5CF35D5}.Debug|Any CPU.ActiveCfg = Debug|Any CPU
		{BA463434-B7CB-49F1-9C67-F24DB5CF35D5}.Debug|Any CPU.Build.0 = Debug|Any CPU
		{BA463434-B7CB-49F1-9C67-F24DB5CF35D5}.Release|Any CPU.ActiveCfg = Release|Any CPU
		{BA463434-B7CB-49F1-9C67-F24DB5CF35D5}.Release|Any CPU.Build.0 = Release|Any CPU
		{C61DF9C1-6476-4BD9-8D87-FAE5ACDC3A34}.Debug|Any CPU.ActiveCfg = Debug|Any CPU
		{C61DF9C1-6476-4BD9-8D87-FAE5ACDC3A34}.Debug|Any CPU.Build.0 = Debug|Any CPU
		{C61DF9C1-6476-4BD9-8D87-FAE5ACDC3A34}.Release|Any CPU.ActiveCfg = Release|Any CPU
		{C61DF9C1-6476-4BD9-8D87-FAE5ACDC3A34}.Release|Any CPU.Build.0 = Release|Any CPU
		{C2AC30ED-129C-4A92-AFF0-68245138F293}.Debug|Any CPU.ActiveCfg = Debug|Any CPU
		{C2AC30ED-129C-4A92-AFF0-68245138F293}.Debug|Any CPU.Build.0 = Debug|Any CPU
		{C2AC30ED-129C-4A92-AFF0-68245138F293}.Release|Any CPU.ActiveCfg = Release|Any CPU
		{C2AC30ED-129C-4A92-AFF0-68245138F293}.Release|Any CPU.Build.0 = Release|Any CPU
		{2DF9632A-8B80-44C8-877A-D549E9CD9388}.Debug|Any CPU.ActiveCfg = Debug|Any CPU
		{2DF9632A-8B80-44C8-877A-D549E9CD9388}.Debug|Any CPU.Build.0 = Debug|Any CPU
		{2DF9632A-8B80-44C8-877A-D549E9CD9388}.Release|Any CPU.ActiveCfg = Release|Any CPU
		{2DF9632A-8B80-44C8-877A-D549E9CD9388}.Release|Any CPU.Build.0 = Release|Any CPU
	EndGlobalSection
	GlobalSection(SolutionProperties) = preSolution
		HideSolutionNode = FALSE
	EndGlobalSection
EndGlobal
