
Microsoft Visual Studio Solution File, Format Version 12.00
# Visual Studio 2013
VisualStudioVersion = 12.0.31101.0
MinimumVisualStudioVersion = 10.0.40219.1
Project("{FAE04EC0-301F-11D3-BF4B-00C04F79EFBC}") = "4.01.Cinema", "4.01.Cinema\4.01.Cinema.csproj", "{8F9702D6-9DBD-44A0-A65E-D7B8BA8BC49D}"
EndProject
Project("{FAE04EC0-301F-11D3-BF4B-00C04F79EFBC}") = "4.02.Illuminati", "4.02.Illuminati\4.02.Illuminati.csproj", "{732F063C-3986-4436-B8EC-F315FA228B52}"
EndProject
Project("{FAE04EC0-301F-11D3-BF4B-00C04F79EFBC}") = "3.03.Eclipse", "4.03.NewHouse\3.03.Eclipse.csproj", "{E52B51DC-F74E-4FDE-81E9-93069024AF46}"
EndProject
Project("{FAE04EC0-301F-11D3-BF4B-00C04F79EFBC}") = "5.01.Triangle", "5.01.Triangle\5.01.Triangle.csproj", "{89365FF4-E6C8-44D1-99E3-F716F8B93D79}"
EndProject
Project("{FAE04EC0-301F-11D3-BF4B-00C04F79EFBC}") = "5.02.Pairs", "5.02.Pairs\5.02.Pairs.csproj", "{A33A2CC1-A71E-4359-97B3-850E1720659F}"
EndProject
Project("{FAE04EC0-301F-11D3-BF4B-00C04F79EFBC}") = "5.03.House", "5.03.House\5.03.House.csproj", "{B4C73D1E-013C-4B4A-9E59-0E32A803D068}"
EndProject
Project("{FAE04EC0-301F-11D3-BF4B-00C04F79EFBC}") = "ExamShedule", "ExamShedule\ExamShedule.csproj", "{9879E508-4F29-4030-8362-A35330D17B9F}"
EndProject
Project("{FAE04EC0-301F-11D3-BF4B-00C04F79EFBC}") = "OddEvenElements", "OddEvenElements\OddEvenElements.csproj", "{7B955953-FA61-4C5E-8EB5-1A8C8BA4DF29}"
EndProject
Project("{FAE04EC0-301F-11D3-BF4B-00C04F79EFBC}") = "Arrow", "Arrow\Arrow.csproj", "{4C68F64B-1E78-4CC3-A5F6-2FDCB8B3138B}"
EndProject
Project("{FAE04EC0-301F-11D3-BF4B-00C04F79EFBC}") = "HouseV2", "HouseV2\HouseV2.csproj", "{BA9DD983-B172-4967-9593-47895C4A736F}"
EndProject
Project("{FAE04EC0-301F-11D3-BF4B-00C04F79EFBC}") = "FruitMarket", "FruitMarket\FruitMarket.csproj", "{E69DFC67-CC5A-4CCD-9D11-75F67C8CA9B3}"
EndProject
Project("{FAE04EC0-301F-11D3-BF4B-00C04F79EFBC}") = "OddEvenSumm", "OddEvenSumm\OddEvenSumm.csproj", "{185F084E-E184-4415-9F25-B0C6BA4CED29}"
EndProject
Project("{FAE04EC0-301F-11D3-BF4B-00C04F79EFBC}") = "BitSifting", "BitSifting\BitSifting.csproj", "{651047CD-D5A9-4390-B19B-DFC39236CBE5}"
EndProject
Project("{FAE04EC0-301F-11D3-BF4B-00C04F79EFBC}") = "Pairs", "Pairs\Pairs.csproj", "{1D8794A5-8EF2-43B3-99A8-49F2EAF07D23}"
EndProject
Project("{FAE04EC0-301F-11D3-BF4B-00C04F79EFBC}") = "BitKiller", "BitKiller\BitKiller.csproj", "{108A2DE7-431A-42B8-A815-C966AEF3258F}"
EndProject
Project("{FAE04EC0-301F-11D3-BF4B-00C04F79EFBC}") = "WineGlass", "WineGlass\WineGlass.csproj", "{1DF22BDA-50AF-499F-AFA0-BDAA68F6760B}"
EndProject
Project("{FAE04EC0-301F-11D3-BF4B-00C04F79EFBC}") = "InsideTheBuildding", "InsideTheBuildding\InsideTheBuildding.csproj", "{1E53A27D-242A-4D6B-A3B7-15E0B0C389D5}"
EndProject
Project("{FAE04EC0-301F-11D3-BF4B-00C04F79EFBC}") = "NineDigitMagicNumber", "NineDigitMagicNumber\NineDigitMagicNumber.csproj", "{ADF139FF-77E2-444C-BFB4-E14A35D8E579}"
EndProject
Project("{FAE04EC0-301F-11D3-BF4B-00C04F79EFBC}") = "TEST", "TEST\TEST.csproj", "{8216F8C7-5294-4BB9-A5D3-C802BD63A98F}"
EndProject
Project("{FAE04EC0-301F-11D3-BF4B-00C04F79EFBC}") = "HayvanNumbers", "HayvanNumbers\HayvanNumbers.csproj", "{2872DCB0-6A96-4CD8-B54C-2061A4FC86AE}"
EndProject
Project("{FAE04EC0-301F-11D3-BF4B-00C04F79EFBC}") = "MagicString", "MagicString\MagicString.csproj", "{82D92912-F8B8-4EDF-8092-64A07494B6E2}"
EndProject
Project("{FAE04EC0-301F-11D3-BF4B-00C04F79EFBC}") = "CrossingSeuqences", "CrossingSeuqences\CrossingSeuqences.csproj", "{62DFB624-E2D3-4F53-9B3A-D9B497B71ADB}"
EndProject
Project("{FAE04EC0-301F-11D3-BF4B-00C04F79EFBC}") = "MagicDates", "MagicDates\MagicDates.csproj", "{B3DE3313-875F-4A69-AFBB-26B6F9396D66}"
EndProject
Project("{FAE04EC0-301F-11D3-BF4B-00C04F79EFBC}") = "FiveSPecialLetters", "FiveSPecialLetters\FiveSPecialLetters.csproj", "{11335F50-6E8D-47B0-B657-F7C259D2883F}"
EndProject
Project("{FAE04EC0-301F-11D3-BF4B-00C04F79EFBC}") = "BitRoller", "BitRoller\BitRoller.csproj", "{979E2124-37B3-46A2-AEB0-40E0DF83EB1E}"
EndProject
Project("{FAE04EC0-301F-11D3-BF4B-00C04F79EFBC}") = "BiggestTriple", "BiggestTriple\BiggestTriple.csproj", "{3C938808-F9D1-445B-B7C6-FB5552BC1018}"
EndProject
Project("{FAE04EC0-301F-11D3-BF4B-00C04F79EFBC}") = "StudentCables", "StudentCables\StudentCables.csproj", "{A7FC9997-5FB6-4C45-97FE-A657AF9ADCC2}"
EndProject
Project("{FAE04EC0-301F-11D3-BF4B-00C04F79EFBC}") = "BitFlipper", "BitFlipper\BitFlipper.csproj", "{C0050DC9-03C9-41BA-809D-9427914151A1}"
EndProject
Project("{FAE04EC0-301F-11D3-BF4B-00C04F79EFBC}") = "ProgrammerDNA", "ProgrammerDNA\ProgrammerDNA.csproj", "{75E9A606-DA05-45C8-AD1C-9190D08B8C3D}"
EndProject
Project("{FAE04EC0-301F-11D3-BF4B-00C04F79EFBC}") = "MagicCarNumbers", "MagicCarNumbers\MagicCarNumbers.csproj", "{C585BAEB-9920-4DE8-8DB6-B8A0487278B9}"
EndProject
Project("{FAE04EC0-301F-11D3-BF4B-00C04F79EFBC}") = "BitShooter", "BitShooter\BitShooter.csproj", "{58877AA0-CA22-4F40-B3A9-0A324ECB07DA}"
EndProject
Project("{FAE04EC0-301F-11D3-BF4B-00C04F79EFBC}") = "LongestWord", "LongestWord\LongestWord.csproj", "{ADFDA09A-D406-4682-BF03-6FEA4812787C}"
EndProject
Global
	GlobalSection(SolutionConfigurationPlatforms) = preSolution
		Debug|Any CPU = Debug|Any CPU
		Release|Any CPU = Release|Any CPU
	EndGlobalSection
	GlobalSection(ProjectConfigurationPlatforms) = postSolution
		{8F9702D6-9DBD-44A0-A65E-D7B8BA8BC49D}.Debug|Any CPU.ActiveCfg = Debug|Any CPU
		{8F9702D6-9DBD-44A0-A65E-D7B8BA8BC49D}.Debug|Any CPU.Build.0 = Debug|Any CPU
		{8F9702D6-9DBD-44A0-A65E-D7B8BA8BC49D}.Release|Any CPU.ActiveCfg = Release|Any CPU
		{8F9702D6-9DBD-44A0-A65E-D7B8BA8BC49D}.Release|Any CPU.Build.0 = Release|Any CPU
		{732F063C-3986-4436-B8EC-F315FA228B52}.Debug|Any CPU.ActiveCfg = Debug|Any CPU
		{732F063C-3986-4436-B8EC-F315FA228B52}.Debug|Any CPU.Build.0 = Debug|Any CPU
		{732F063C-3986-4436-B8EC-F315FA228B52}.Release|Any CPU.ActiveCfg = Release|Any CPU
		{732F063C-3986-4436-B8EC-F315FA228B52}.Release|Any CPU.Build.0 = Release|Any CPU
		{E52B51DC-F74E-4FDE-81E9-93069024AF46}.Debug|Any CPU.ActiveCfg = Debug|Any CPU
		{E52B51DC-F74E-4FDE-81E9-93069024AF46}.Debug|Any CPU.Build.0 = Debug|Any CPU
		{E52B51DC-F74E-4FDE-81E9-93069024AF46}.Release|Any CPU.ActiveCfg = Release|Any CPU
		{E52B51DC-F74E-4FDE-81E9-93069024AF46}.Release|Any CPU.Build.0 = Release|Any CPU
		{89365FF4-E6C8-44D1-99E3-F716F8B93D79}.Debug|Any CPU.ActiveCfg = Debug|Any CPU
		{89365FF4-E6C8-44D1-99E3-F716F8B93D79}.Debug|Any CPU.Build.0 = Debug|Any CPU
		{89365FF4-E6C8-44D1-99E3-F716F8B93D79}.Release|Any CPU.ActiveCfg = Release|Any CPU
		{89365FF4-E6C8-44D1-99E3-F716F8B93D79}.Release|Any CPU.Build.0 = Release|Any CPU
		{A33A2CC1-A71E-4359-97B3-850E1720659F}.Debug|Any CPU.ActiveCfg = Debug|Any CPU
		{A33A2CC1-A71E-4359-97B3-850E1720659F}.Debug|Any CPU.Build.0 = Debug|Any CPU
		{A33A2CC1-A71E-4359-97B3-850E1720659F}.Release|Any CPU.ActiveCfg = Release|Any CPU
		{A33A2CC1-A71E-4359-97B3-850E1720659F}.Release|Any CPU.Build.0 = Release|Any CPU
		{B4C73D1E-013C-4B4A-9E59-0E32A803D068}.Debug|Any CPU.ActiveCfg = Debug|Any CPU
		{B4C73D1E-013C-4B4A-9E59-0E32A803D068}.Debug|Any CPU.Build.0 = Debug|Any CPU
		{B4C73D1E-013C-4B4A-9E59-0E32A803D068}.Release|Any CPU.ActiveCfg = Release|Any CPU
		{B4C73D1E-013C-4B4A-9E59-0E32A803D068}.Release|Any CPU.Build.0 = Release|Any CPU
		{9879E508-4F29-4030-8362-A35330D17B9F}.Debug|Any CPU.ActiveCfg = Debug|Any CPU
		{9879E508-4F29-4030-8362-A35330D17B9F}.Debug|Any CPU.Build.0 = Debug|Any CPU
		{9879E508-4F29-4030-8362-A35330D17B9F}.Release|Any CPU.ActiveCfg = Release|Any CPU
		{9879E508-4F29-4030-8362-A35330D17B9F}.Release|Any CPU.Build.0 = Release|Any CPU
		{7B955953-FA61-4C5E-8EB5-1A8C8BA4DF29}.Debug|Any CPU.ActiveCfg = Debug|Any CPU
		{7B955953-FA61-4C5E-8EB5-1A8C8BA4DF29}.Debug|Any CPU.Build.0 = Debug|Any CPU
		{7B955953-FA61-4C5E-8EB5-1A8C8BA4DF29}.Release|Any CPU.ActiveCfg = Release|Any CPU
		{7B955953-FA61-4C5E-8EB5-1A8C8BA4DF29}.Release|Any CPU.Build.0 = Release|Any CPU
		{4C68F64B-1E78-4CC3-A5F6-2FDCB8B3138B}.Debug|Any CPU.ActiveCfg = Debug|Any CPU
		{4C68F64B-1E78-4CC3-A5F6-2FDCB8B3138B}.Debug|Any CPU.Build.0 = Debug|Any CPU
		{4C68F64B-1E78-4CC3-A5F6-2FDCB8B3138B}.Release|Any CPU.ActiveCfg = Release|Any CPU
		{4C68F64B-1E78-4CC3-A5F6-2FDCB8B3138B}.Release|Any CPU.Build.0 = Release|Any CPU
		{BA9DD983-B172-4967-9593-47895C4A736F}.Debug|Any CPU.ActiveCfg = Debug|Any CPU
		{BA9DD983-B172-4967-9593-47895C4A736F}.Debug|Any CPU.Build.0 = Debug|Any CPU
		{BA9DD983-B172-4967-9593-47895C4A736F}.Release|Any CPU.ActiveCfg = Release|Any CPU
		{BA9DD983-B172-4967-9593-47895C4A736F}.Release|Any CPU.Build.0 = Release|Any CPU
		{E69DFC67-CC5A-4CCD-9D11-75F67C8CA9B3}.Debug|Any CPU.ActiveCfg = Debug|Any CPU
		{E69DFC67-CC5A-4CCD-9D11-75F67C8CA9B3}.Debug|Any CPU.Build.0 = Debug|Any CPU
		{E69DFC67-CC5A-4CCD-9D11-75F67C8CA9B3}.Release|Any CPU.ActiveCfg = Release|Any CPU
		{E69DFC67-CC5A-4CCD-9D11-75F67C8CA9B3}.Release|Any CPU.Build.0 = Release|Any CPU
		{185F084E-E184-4415-9F25-B0C6BA4CED29}.Debug|Any CPU.ActiveCfg = Debug|Any CPU
		{185F084E-E184-4415-9F25-B0C6BA4CED29}.Debug|Any CPU.Build.0 = Debug|Any CPU
		{185F084E-E184-4415-9F25-B0C6BA4CED29}.Release|Any CPU.ActiveCfg = Release|Any CPU
		{185F084E-E184-4415-9F25-B0C6BA4CED29}.Release|Any CPU.Build.0 = Release|Any CPU
		{651047CD-D5A9-4390-B19B-DFC39236CBE5}.Debug|Any CPU.ActiveCfg = Debug|Any CPU
		{651047CD-D5A9-4390-B19B-DFC39236CBE5}.Debug|Any CPU.Build.0 = Debug|Any CPU
		{651047CD-D5A9-4390-B19B-DFC39236CBE5}.Release|Any CPU.ActiveCfg = Release|Any CPU
		{651047CD-D5A9-4390-B19B-DFC39236CBE5}.Release|Any CPU.Build.0 = Release|Any CPU
		{1D8794A5-8EF2-43B3-99A8-49F2EAF07D23}.Debug|Any CPU.ActiveCfg = Debug|Any CPU
		{1D8794A5-8EF2-43B3-99A8-49F2EAF07D23}.Debug|Any CPU.Build.0 = Debug|Any CPU
		{1D8794A5-8EF2-43B3-99A8-49F2EAF07D23}.Release|Any CPU.ActiveCfg = Release|Any CPU
		{1D8794A5-8EF2-43B3-99A8-49F2EAF07D23}.Release|Any CPU.Build.0 = Release|Any CPU
		{108A2DE7-431A-42B8-A815-C966AEF3258F}.Debug|Any CPU.ActiveCfg = Debug|Any CPU
		{108A2DE7-431A-42B8-A815-C966AEF3258F}.Debug|Any CPU.Build.0 = Debug|Any CPU
		{108A2DE7-431A-42B8-A815-C966AEF3258F}.Release|Any CPU.ActiveCfg = Release|Any CPU
		{108A2DE7-431A-42B8-A815-C966AEF3258F}.Release|Any CPU.Build.0 = Release|Any CPU
		{1DF22BDA-50AF-499F-AFA0-BDAA68F6760B}.Debug|Any CPU.ActiveCfg = Debug|Any CPU
		{1DF22BDA-50AF-499F-AFA0-BDAA68F6760B}.Debug|Any CPU.Build.0 = Debug|Any CPU
		{1DF22BDA-50AF-499F-AFA0-BDAA68F6760B}.Release|Any CPU.ActiveCfg = Release|Any CPU
		{1DF22BDA-50AF-499F-AFA0-BDAA68F6760B}.Release|Any CPU.Build.0 = Release|Any CPU
		{1E53A27D-242A-4D6B-A3B7-15E0B0C389D5}.Debug|Any CPU.ActiveCfg = Debug|Any CPU
		{1E53A27D-242A-4D6B-A3B7-15E0B0C389D5}.Debug|Any CPU.Build.0 = Debug|Any CPU
		{1E53A27D-242A-4D6B-A3B7-15E0B0C389D5}.Release|Any CPU.ActiveCfg = Release|Any CPU
		{1E53A27D-242A-4D6B-A3B7-15E0B0C389D5}.Release|Any CPU.Build.0 = Release|Any CPU
		{ADF139FF-77E2-444C-BFB4-E14A35D8E579}.Debug|Any CPU.ActiveCfg = Debug|Any CPU
		{ADF139FF-77E2-444C-BFB4-E14A35D8E579}.Debug|Any CPU.Build.0 = Debug|Any CPU
		{ADF139FF-77E2-444C-BFB4-E14A35D8E579}.Release|Any CPU.ActiveCfg = Release|Any CPU
		{ADF139FF-77E2-444C-BFB4-E14A35D8E579}.Release|Any CPU.Build.0 = Release|Any CPU
		{8216F8C7-5294-4BB9-A5D3-C802BD63A98F}.Debug|Any CPU.ActiveCfg = Debug|Any CPU
		{8216F8C7-5294-4BB9-A5D3-C802BD63A98F}.Debug|Any CPU.Build.0 = Debug|Any CPU
		{8216F8C7-5294-4BB9-A5D3-C802BD63A98F}.Release|Any CPU.ActiveCfg = Release|Any CPU
		{8216F8C7-5294-4BB9-A5D3-C802BD63A98F}.Release|Any CPU.Build.0 = Release|Any CPU
		{2872DCB0-6A96-4CD8-B54C-2061A4FC86AE}.Debug|Any CPU.ActiveCfg = Debug|Any CPU
		{2872DCB0-6A96-4CD8-B54C-2061A4FC86AE}.Debug|Any CPU.Build.0 = Debug|Any CPU
		{2872DCB0-6A96-4CD8-B54C-2061A4FC86AE}.Release|Any CPU.ActiveCfg = Release|Any CPU
		{2872DCB0-6A96-4CD8-B54C-2061A4FC86AE}.Release|Any CPU.Build.0 = Release|Any CPU
		{82D92912-F8B8-4EDF-8092-64A07494B6E2}.Debug|Any CPU.ActiveCfg = Debug|Any CPU
		{82D92912-F8B8-4EDF-8092-64A07494B6E2}.Debug|Any CPU.Build.0 = Debug|Any CPU
		{82D92912-F8B8-4EDF-8092-64A07494B6E2}.Release|Any CPU.ActiveCfg = Release|Any CPU
		{82D92912-F8B8-4EDF-8092-64A07494B6E2}.Release|Any CPU.Build.0 = Release|Any CPU
		{62DFB624-E2D3-4F53-9B3A-D9B497B71ADB}.Debug|Any CPU.ActiveCfg = Debug|Any CPU
		{62DFB624-E2D3-4F53-9B3A-D9B497B71ADB}.Debug|Any CPU.Build.0 = Debug|Any CPU
		{62DFB624-E2D3-4F53-9B3A-D9B497B71ADB}.Release|Any CPU.ActiveCfg = Release|Any CPU
		{62DFB624-E2D3-4F53-9B3A-D9B497B71ADB}.Release|Any CPU.Build.0 = Release|Any CPU
		{B3DE3313-875F-4A69-AFBB-26B6F9396D66}.Debug|Any CPU.ActiveCfg = Debug|Any CPU
		{B3DE3313-875F-4A69-AFBB-26B6F9396D66}.Debug|Any CPU.Build.0 = Debug|Any CPU
		{B3DE3313-875F-4A69-AFBB-26B6F9396D66}.Release|Any CPU.ActiveCfg = Release|Any CPU
		{B3DE3313-875F-4A69-AFBB-26B6F9396D66}.Release|Any CPU.Build.0 = Release|Any CPU
		{11335F50-6E8D-47B0-B657-F7C259D2883F}.Debug|Any CPU.ActiveCfg = Debug|Any CPU
		{11335F50-6E8D-47B0-B657-F7C259D2883F}.Debug|Any CPU.Build.0 = Debug|Any CPU
		{11335F50-6E8D-47B0-B657-F7C259D2883F}.Release|Any CPU.ActiveCfg = Release|Any CPU
		{11335F50-6E8D-47B0-B657-F7C259D2883F}.Release|Any CPU.Build.0 = Release|Any CPU
		{979E2124-37B3-46A2-AEB0-40E0DF83EB1E}.Debug|Any CPU.ActiveCfg = Debug|Any CPU
		{979E2124-37B3-46A2-AEB0-40E0DF83EB1E}.Debug|Any CPU.Build.0 = Debug|Any CPU
		{979E2124-37B3-46A2-AEB0-40E0DF83EB1E}.Release|Any CPU.ActiveCfg = Release|Any CPU
		{979E2124-37B3-46A2-AEB0-40E0DF83EB1E}.Release|Any CPU.Build.0 = Release|Any CPU
		{3C938808-F9D1-445B-B7C6-FB5552BC1018}.Debug|Any CPU.ActiveCfg = Debug|Any CPU
		{3C938808-F9D1-445B-B7C6-FB5552BC1018}.Debug|Any CPU.Build.0 = Debug|Any CPU
		{3C938808-F9D1-445B-B7C6-FB5552BC1018}.Release|Any CPU.ActiveCfg = Release|Any CPU
		{3C938808-F9D1-445B-B7C6-FB5552BC1018}.Release|Any CPU.Build.0 = Release|Any CPU
		{A7FC9997-5FB6-4C45-97FE-A657AF9ADCC2}.Debug|Any CPU.ActiveCfg = Debug|Any CPU
		{A7FC9997-5FB6-4C45-97FE-A657AF9ADCC2}.Debug|Any CPU.Build.0 = Debug|Any CPU
		{A7FC9997-5FB6-4C45-97FE-A657AF9ADCC2}.Release|Any CPU.ActiveCfg = Release|Any CPU
		{A7FC9997-5FB6-4C45-97FE-A657AF9ADCC2}.Release|Any CPU.Build.0 = Release|Any CPU
		{C0050DC9-03C9-41BA-809D-9427914151A1}.Debug|Any CPU.ActiveCfg = Debug|Any CPU
		{C0050DC9-03C9-41BA-809D-9427914151A1}.Debug|Any CPU.Build.0 = Debug|Any CPU
		{C0050DC9-03C9-41BA-809D-9427914151A1}.Release|Any CPU.ActiveCfg = Release|Any CPU
		{C0050DC9-03C9-41BA-809D-9427914151A1}.Release|Any CPU.Build.0 = Release|Any CPU
		{75E9A606-DA05-45C8-AD1C-9190D08B8C3D}.Debug|Any CPU.ActiveCfg = Debug|Any CPU
		{75E9A606-DA05-45C8-AD1C-9190D08B8C3D}.Debug|Any CPU.Build.0 = Debug|Any CPU
		{75E9A606-DA05-45C8-AD1C-9190D08B8C3D}.Release|Any CPU.ActiveCfg = Release|Any CPU
		{75E9A606-DA05-45C8-AD1C-9190D08B8C3D}.Release|Any CPU.Build.0 = Release|Any CPU
		{C585BAEB-9920-4DE8-8DB6-B8A0487278B9}.Debug|Any CPU.ActiveCfg = Debug|Any CPU
		{C585BAEB-9920-4DE8-8DB6-B8A0487278B9}.Debug|Any CPU.Build.0 = Debug|Any CPU
		{C585BAEB-9920-4DE8-8DB6-B8A0487278B9}.Release|Any CPU.ActiveCfg = Release|Any CPU
		{C585BAEB-9920-4DE8-8DB6-B8A0487278B9}.Release|Any CPU.Build.0 = Release|Any CPU
		{58877AA0-CA22-4F40-B3A9-0A324ECB07DA}.Debug|Any CPU.ActiveCfg = Debug|Any CPU
		{58877AA0-CA22-4F40-B3A9-0A324ECB07DA}.Debug|Any CPU.Build.0 = Debug|Any CPU
		{58877AA0-CA22-4F40-B3A9-0A324ECB07DA}.Release|Any CPU.ActiveCfg = Release|Any CPU
		{58877AA0-CA22-4F40-B3A9-0A324ECB07DA}.Release|Any CPU.Build.0 = Release|Any CPU
		{ADFDA09A-D406-4682-BF03-6FEA4812787C}.Debug|Any CPU.ActiveCfg = Debug|Any CPU
		{ADFDA09A-D406-4682-BF03-6FEA4812787C}.Debug|Any CPU.Build.0 = Debug|Any CPU
		{ADFDA09A-D406-4682-BF03-6FEA4812787C}.Release|Any CPU.ActiveCfg = Release|Any CPU
		{ADFDA09A-D406-4682-BF03-6FEA4812787C}.Release|Any CPU.Build.0 = Release|Any CPU
	EndGlobalSection
	GlobalSection(SolutionProperties) = preSolution
		HideSolutionNode = FALSE
	EndGlobalSection
EndGlobal
